
Microsoft Visual Studio Solution File, Format Version 12.00
# Visual Studio Version 17
VisualStudioVersion = 17.5.002.0
MinimumVisualStudioVersion = 10.0.40219.1
Project("{9A19103F-16F7-4668-BE54-9A1E7A4F7556}") = "DesafioFundamentos", "DesafioFundamentos.csproj", "{A904C4B3-F2B1-4685-99CB-FF8DF1C9EA33}"
EndProject
Global
	GlobalSection(SolutionConfigurationPlatforms) = preSolution
		Debug|Any CPU = Debug|Any CPU
		Release|Any CPU = Release|Any CPU
	EndGlobalSection
	GlobalSection(ProjectConfigurationPlatforms) = postSolution
		{A904C4B3-F2B1-4685-99CB-FF8DF1C9EA33}.Debug|Any CPU.ActiveCfg = Debug|Any CPU
		{A904C4B3-F2B1-4685-99CB-FF8DF1C9EA33}.Debug|Any CPU.Build.0 = Debug|Any CPU
		{A904C4B3-F2B1-4685-99CB-FF8DF1C9EA33}.Release|Any CPU.ActiveCfg = Release|Any CPU
		{A904C4B3-F2B1-4685-99CB-FF8DF1C9EA33}.Release|Any CPU.Build.0 = Release|Any CPU
	EndGlobalSection
	GlobalSection(SolutionProperties) = preSolution
		HideSolutionNode = FALSE
	EndGlobalSection
	GlobalSection(ExtensibilityGlobals) = postSolution
		SolutionGuid = {1996CF02-F74D-4A33-AD1C-A55BFBB34E28}
	EndGlobalSection
EndGlobal
